<?xml version="1.0" encoding="utf-8"?>
<Project ToolsVersion="4.0" xmlns="http://schemas.microsoft.com/developer/msbuild/2003">
  <ItemGroup>
    <Filter Include="Source Files">
      <UniqueIdentifier>{4FC737F1-C7A5-4376-A066-2A32D752A2FF}</UniqueIdentifier>
      <Extensions>cpp;c;cc;cxx;def;odl;idl;hpj;bat;asm;asmx</Extensions>
    </Filter>
    <Filter Include="Header Files">
      <UniqueIdentifier>{93995380-89BD-4b04-88EB-625FBE52EBFB}</UniqueIdentifier>
      <Extensions>h;hh;hpp;hxx;hm;inl;inc;xsd</Extensions>
    </Filter>
    <Filter Include="Resource Files">
      <UniqueIdentifier>{67DA6AB6-F800-4c08-8B7A-83BB121AAD01}</UniqueIdentifier>
      <Extensions>rc;ico;cur;bmp;dlg;rc2;rct;bin;rgs;gif;jpg;jpeg;jpe;resx;tiff;tif;png;wav;mfcribbon-ms</Extensions>
    </Filter>
    <Filter Include="Header Files\math">
      <UniqueIdentifier>{128af3bd-d154-441c-9daa-3da8abefe334}</UniqueIdentifier>
    </Filter>
    <Filter Include="Source Files\math">
      <UniqueIdentifier>{f53eccb9-eac0-4976-9f4e-d7b901e6b9a0}</UniqueIdentifier>
    </Filter>
    <Filter Include="Header Files\data">
      <UniqueIdentifier>{c7a6e7be-762f-4973-8b51-8854ddaffd28}</UniqueIdentifier>
    </Filter>
    <Filter Include="Source Files\data">
      <UniqueIdentifier>{5dfdbb9c-fcb9-43be-911f-aec386c12f86}</UniqueIdentifier>
    </Filter>
    <Filter Include="Header Files\viewer">
      <UniqueIdentifier>{78a92aa1-2d8b-4cd2-8fb0-e514a7052cdb}</UniqueIdentifier>
    </Filter>
    <Filter Include="Source Files\viewer">
      <UniqueIdentifier>{bd6afd1a-60ec-4f07-b934-3e6b773d42ae}</UniqueIdentifier>
    </Filter>
    <Filter Include="Header Files\logic">
      <UniqueIdentifier>{99916f7d-b924-4f29-8ca1-3194afe3ccaf}</UniqueIdentifier>
    </Filter>
    <Filter Include="Source Files\logic">
      <UniqueIdentifier>{e75cdbcb-8881-4e23-af2c-d954b19721fb}</UniqueIdentifier>
    </Filter>
    <Filter Include="Header Files\engine">
      <UniqueIdentifier>{0ae96d87-710c-4dce-b3af-0afeff21cdf6}</UniqueIdentifier>
    </Filter>
    <Filter Include="Source Files\engine">
      <UniqueIdentifier>{a280e50e-19d3-4031-b2af-eb7f3a7c6beb}</UniqueIdentifier>
    </Filter>
    <Filter Include="Header Files\viewer\graphic">
      <UniqueIdentifier>{99127b28-35d5-4273-b7ed-eba6897864a4}</UniqueIdentifier>
    </Filter>
    <Filter Include="Source Files\viewer\graphic">
      <UniqueIdentifier>{b6b73e25-48d8-40bb-9776-d21d2353319f}</UniqueIdentifier>
    </Filter>
    <Filter Include="Header Files\reader">
      <UniqueIdentifier>{dea3ad62-ab60-4991-856d-5359dfbc3623}</UniqueIdentifier>
    </Filter>
    <Filter Include="Source Files\reader">
      <UniqueIdentifier>{36248ccb-37d0-46c5-bd73-6b436f1a31e8}</UniqueIdentifier>
    </Filter>
    <Filter Include="Header Files\logic\object">
      <UniqueIdentifier>{1a6a79da-5f73-41f9-a868-395e6c199386}</UniqueIdentifier>
    </Filter>
    <Filter Include="Source Files\logic\object">
      <UniqueIdentifier>{4495f471-2231-4090-a0ac-b6284809017e}</UniqueIdentifier>
    </Filter>
    <Filter Include="Header Files\utils">
      <UniqueIdentifier>{64a2a481-6541-42ef-b556-c0dc0fca2818}</UniqueIdentifier>
    </Filter>
    <Filter Include="Source Files\utils">
      <UniqueIdentifier>{2c7c3658-b30c-4bb2-aaee-c076341603f5}</UniqueIdentifier>
    </Filter>
    <Filter Include="Header Files\collider">
      <UniqueIdentifier>{7d2dd2d2-9e7a-427a-89d0-da3b855e8deb}</UniqueIdentifier>
    </Filter>
    <Filter Include="Source Files\collider">
      <UniqueIdentifier>{6551350c-062f-46d0-88a8-e332700bfb7e}</UniqueIdentifier>
    </Filter>
  </ItemGroup>
  <ItemGroup>
    <ClCompile Include="..\src\Racer2D.cpp">
      <Filter>Source Files</Filter>
    </ClCompile>
    <ClCompile Include="..\src\math\vector.cpp">
      <Filter>Source Files\math</Filter>
    </ClCompile>
    <ClCompile Include="..\src\math\matrix.cpp">
      <Filter>Source Files\math</Filter>
    </ClCompile>
    <ClCompile Include="..\src\engine\engine.cpp">
      <Filter>Source Files\engine</Filter>
    </ClCompile>
    <ClCompile Include="..\src\data\display.cpp">
      <Filter>Source Files\data</Filter>
    </ClCompile>
    <ClCompile Include="..\src\data\geom.cpp">
      <Filter>Source Files\data</Filter>
    </ClCompile>
    <ClCompile Include="..\src\data\topo.cpp">
      <Filter>Source Files\data</Filter>
    </ClCompile>
    <ClCompile Include="..\src\data\utility.cpp">
      <Filter>Source Files\data</Filter>
    </ClCompile>
    <ClCompile Include="..\src\viewer\viewer.cpp">
      <Filter>Source Files\viewer</Filter>
    </ClCompile>
    <ClCompile Include="..\src\logic\logic.cpp">
      <Filter>Source Files\logic</Filter>
    </ClCompile>
    <ClCompile Include="..\src\viewer\vieweropts.cpp">
      <Filter>Source Files\viewer</Filter>
    </ClCompile>
    <ClCompile Include="..\src\viewer\graphic\glgraphic.cpp">
      <Filter>Source Files\viewer\graphic</Filter>
    </ClCompile>
    <ClCompile Include="..\src\viewer\graphic\globject.cpp">
      <Filter>Source Files\viewer\graphic</Filter>
    </ClCompile>
    <ClCompile Include="..\src\logic\object\object.cpp">
      <Filter>Source Files\logic\object</Filter>
    </ClCompile>
    <ClCompile Include="..\src\reader\reader.cpp">
      <Filter>Source Files\reader</Filter>
    </ClCompile>
    <ClCompile Include="..\src\reader\txtformat.cpp">
      <Filter>Source Files\reader</Filter>
    </ClCompile>
    <ClCompile Include="..\src\utils\utils.cpp">
      <Filter>Source Files\utils</Filter>
    </ClCompile>
    <ClCompile Include="..\src\logic\object\objectutils.cpp">
      <Filter>Source Files\logic\object</Filter>
    </ClCompile>
    <ClCompile Include="..\src\collider\collider.cpp">
      <Filter>Source Files\collider</Filter>
    </ClCompile>
    <ClCompile Include="..\src\collider\geomintersector.cpp">
      <Filter>Source Files\collider</Filter>
    </ClCompile>
    <ClCompile Include="..\src\collider\topointersector.cpp">
      <Filter>Source Files\collider</Filter>
    </ClCompile>
  </ItemGroup>
  <ItemGroup>
    <ClInclude Include="..\src\math\vector.h">
      <Filter>Header Files\math</Filter>
    </ClInclude>
    <ClInclude Include="..\src\math\matrix.h">
      <Filter>Header Files\math</Filter>
    </ClInclude>
    <ClInclude Include="..\src\data\data.h">
      <Filter>Header Files\data</Filter>
    </ClInclude>
    <ClInclude Include="..\src\logic\Ilogic.h">
      <Filter>Header Files\logic</Filter>
    </ClInclude>
    <ClInclude Include="..\src\viewer\Iviewer.h">
      <Filter>Header Files\viewer</Filter>
    </ClInclude>
    <ClInclude Include="..\src\engine\engine.h">
      <Filter>Header Files\engine</Filter>
    </ClInclude>
    <ClInclude Include="..\src\data\display.h">
      <Filter>Header Files\data</Filter>
    </ClInclude>
    <ClInclude Include="..\src\data\geom.h">
      <Filter>Header Files\data</Filter>
    </ClInclude>
    <ClInclude Include="..\src\data\topo.h">
      <Filter>Header Files\data</Filter>
    </ClInclude>
    <ClInclude Include="..\src\data\utility.h">
      <Filter>Header Files\data</Filter>
    </ClInclude>
    <ClInclude Include="..\src\viewer\viewer.h">
      <Filter>Header Files\viewer</Filter>
    </ClInclude>
    <ClInclude Include="..\src\logic\logic.h">
      <Filter>Header Files\logic</Filter>
    </ClInclude>
    <ClInclude Include="..\src\viewer\vieweropts.h">
      <Filter>Header Files\viewer</Filter>
    </ClInclude>
    <ClInclude Include="..\src\viewer\graphic\Igraphic.h">
      <Filter>Header Files\viewer\graphic</Filter>
    </ClInclude>
    <ClInclude Include="..\src\viewer\graphic\glgraphic.h">
      <Filter>Header Files\viewer\graphic</Filter>
    </ClInclude>
    <ClInclude Include="..\src\viewer\graphic\globject.h">
      <Filter>Header Files\viewer\graphic</Filter>
    </ClInclude>
    <ClInclude Include="..\src\reader\format.h">
      <Filter>Header Files\reader</Filter>
    </ClInclude>
    <ClInclude Include="..\src\reader\reader.h">
      <Filter>Header Files\reader</Filter>
    </ClInclude>
    <ClInclude Include="..\src\reader\txtformat.h">
      <Filter>Header Files\reader</Filter>
    </ClInclude>
    <ClInclude Include="..\src\logic\object\object.h">
      <Filter>Header Files\logic\object</Filter>
    </ClInclude>
    <ClInclude Include="..\src\utils\utils.h">
      <Filter>Header Files\utils</Filter>
    </ClInclude>
    <ClInclude Include="..\src\utils\defines.h">
      <Filter>Header Files\utils</Filter>
    </ClInclude>
    <ClInclude Include="..\src\logic\object\objectutils.h">
      <Filter>Header Files\logic\object</Filter>
    </ClInclude>
    <ClInclude Include="..\src\collider\collider.h">
      <Filter>Header Files\collider</Filter>
    </ClInclude>
    <ClInclude Include="..\src\collider\geomintersector.h">
      <Filter>Header Files\collider</Filter>
    </ClInclude>
    <ClInclude Include="..\src\collider\topointersector.h">
      <Filter>Header Files\collider</Filter>
    </ClInclude>
  </ItemGroup>
</Project>